// !$*UTF8*$!
{
	archiveVersion = 1;
	classes = {
	};
	objectVersion = 77;
	objects = {

/* Begin PBXBuildFile section */
		B93EB2A92EF2FA6900D64C24 /* libsolidity.a in Frameworks */ = {isa = PBXBuildFile; fileRef = B93EB2A82EF2FA6900D64C24 /* libsolidity.a */; };
		B93EB2AB2EF2FADE00D64C24 /* libevmasm.a in Frameworks */ = {isa = PBXBuildFile; fileRef = B93EB2AA2EF2FADE00D64C24 /* libevmasm.a */; };
		B93EB2AD2EF317D800D64C24 /* liblangutil.a in Frameworks */ = {isa = PBXBuildFile; fileRef = B93EB2AC2EF317D800D64C24 /* liblangutil.a */; };
		B93EB2AF2EF317E900D64C24 /* libsmtutil.a in Frameworks */ = {isa = PBXBuildFile; fileRef = B93EB2AE2EF317E900D64C24 /* libsmtutil.a */; };
		B93EB2B32EF3183100D64C24 /* libsolutil.a in Frameworks */ = {isa = PBXBuildFile; fileRef = B93EB2B22EF3183100D64C24 /* libsolutil.a */; };
		B93EB2B52EF3184400D64C24 /* libyul.a in Frameworks */ = {isa = PBXBuildFile; fileRef = B93EB2B42EF3184400D64C24 /* libyul.a */; };
		B93EB2B72EF3189D00D64C24 /* libsolc.a in Frameworks */ = {isa = PBXBuildFile; fileRef = B93EB2B02EF317F800D64C24 /* libsolc.a */; };
		B93EB2B92EF3196D00D64C24 /* libboost_filesystem.dylib in Frameworks */ = {isa = PBXBuildFile; fileRef = B93EB2B82EF3196D00D64C24 /* libboost_filesystem.dylib */; };
		B93EB2C92EF4351400D64C24 /* libevmasm.a in Frameworks */ = {isa = PBXBuildFile; fileRef = B93EB2AA2EF2FADE00D64C24 /* libevmasm.a */; };
		B93EB2CA2EF4352D00D64C24 /* liblangutil.a in Frameworks */ = {isa = PBXBuildFile; fileRef = B93EB2AC2EF317D800D64C24 /* liblangutil.a */; };
		B93EB2CB2EF4354000D64C24 /* libsmtutil.a in Frameworks */ = {isa = PBXBuildFile; fileRef = B93EB2AE2EF317E900D64C24 /* libsmtutil.a */; };
		B93EB2CC2EF4355100D64C24 /* libsolc.a in Frameworks */ = {isa = PBXBuildFile; fileRef = B93EB2B02EF317F800D64C24 /* libsolc.a */; };
		B93EB2CD2EF4356700D64C24 /* libsolidity.a in Frameworks */ = {isa = PBXBuildFile; fileRef = B93EB2A82EF2FA6900D64C24 /* libsolidity.a */; };
		B93EB2CE2EF4357700D64C24 /* libsolutil.a in Frameworks */ = {isa = PBXBuildFile; fileRef = B93EB2B22EF3183100D64C24 /* libsolutil.a */; };
		B93EB2CF2EF4359300D64C24 /* libyul.a in Frameworks */ = {isa = PBXBuildFile; fileRef = B93EB2B42EF3184400D64C24 /* libyul.a */; };
		B93EB2D02EF435BA00D64C24 /* libboost_filesystem.dylib in Frameworks */ = {isa = PBXBuildFile; fileRef = B93EB2B82EF3196D00D64C24 /* libboost_filesystem.dylib */; };
		B93EB2DD2EF4636000D64C24 /* libWALA CAst Solidity JNI Bridge.dylib in Frameworks */ = {isa = PBXBuildFile; fileRef = B93EB2BE2EF4326400D64C24 /* libWALA CAst Solidity JNI Bridge.dylib */; };
/* End PBXBuildFile section */

/* Begin PBXContainerItemProxy section */
		B93EB2DE2EF4642500D64C24 /* PBXContainerItemProxy */ = {
			isa = PBXContainerItemProxy;
			containerPortal = B93EB2952EF2EE2100D64C24 /* Project object */;
			proxyType = 1;
			remoteGlobalIDString = B93EB2BD2EF4326400D64C24;
			remoteInfo = "WALA CAst Solidity JNI Bridge";
		};
/* End PBXContainerItemProxy section */

/* Begin PBXCopyFilesBuildPhase section */
		B93EB29B2EF2EE2100D64C24 /* CopyFiles */ = {
			isa = PBXCopyFilesBuildPhase;
			buildActionMask = 2147483647;
			dstPath = /usr/share/man/man1/;
			dstSubfolderSpec = 0;
			files = (
			);
			runOnlyForDeploymentPostprocessing = 1;
		};
/* End PBXCopyFilesBuildPhase section */

/* Begin PBXFileReference section */
		B93EB29D2EF2EE2100D64C24 /* WALA CAst Solidity */ = {isa = PBXFileReference; explicitFileType = "compiled.mach-o.executable"; includeInIndex = 0; path = "WALA CAst Solidity"; sourceTree = BUILT_PRODUCTS_DIR; };
		B93EB2A82EF2FA6900D64C24 /* libsolidity.a */ = {isa = PBXFileReference; lastKnownFileType = archive.ar; name = libsolidity.a; path = ../solidity/build/libsolidity/libsolidity.a; sourceTree = "<group>"; };
		B93EB2AA2EF2FADE00D64C24 /* libevmasm.a */ = {isa = PBXFileReference; lastKnownFileType = archive.ar; name = libevmasm.a; path = ../solidity/build/libevmasm/libevmasm.a; sourceTree = "<group>"; };
		B93EB2AC2EF317D800D64C24 /* liblangutil.a */ = {isa = PBXFileReference; lastKnownFileType = archive.ar; name = liblangutil.a; path = ../solidity/build/liblangutil/liblangutil.a; sourceTree = "<group>"; };
		B93EB2AE2EF317E900D64C24 /* libsmtutil.a */ = {isa = PBXFileReference; lastKnownFileType = archive.ar; name = libsmtutil.a; path = ../solidity/build/libsmtutil/libsmtutil.a; sourceTree = "<group>"; };
		B93EB2B02EF317F800D64C24 /* libsolc.a */ = {isa = PBXFileReference; lastKnownFileType = archive.ar; name = libsolc.a; path = ../solidity/build/libsolc/libsolc.a; sourceTree = "<group>"; };
		B93EB2B22EF3183100D64C24 /* libsolutil.a */ = {isa = PBXFileReference; lastKnownFileType = archive.ar; name = libsolutil.a; path = ../solidity/build/libsolutil/libsolutil.a; sourceTree = "<group>"; };
		B93EB2B42EF3184400D64C24 /* libyul.a */ = {isa = PBXFileReference; lastKnownFileType = archive.ar; name = libyul.a; path = ../solidity/build/libyul/libyul.a; sourceTree = "<group>"; };
		B93EB2B82EF3196D00D64C24 /* libboost_filesystem.dylib */ = {isa = PBXFileReference; lastKnownFileType = "compiled.mach-o.dylib"; name = libboost_filesystem.dylib; path = ../../../../opt/homebrew/Cellar/boost/1.90.0/lib/libboost_filesystem.dylib; sourceTree = "<group>"; };
		B93EB2BE2EF4326400D64C24 /* libWALA CAst Solidity JNI Bridge.dylib */ = {isa = PBXFileReference; explicitFileType = "compiled.mach-o.dylib"; includeInIndex = 0; path = "libWALA CAst Solidity JNI Bridge.dylib"; sourceTree = BUILT_PRODUCTS_DIR; };
/* End PBXFileReference section */

/* Begin PBXFileSystemSynchronizedBuildFileExceptionSet section */
		B93EB2DA2EF4625600D64C24 /* Exceptions for "WALA CAst Solidity JNI Bridge" folder in "WALA CAst Solidity JNI Bridge" target */ = {
			isa = PBXFileSystemSynchronizedBuildFileExceptionSet;
			membershipExceptions = (
				solidityBridge.h,
			);
			target = B93EB2BD2EF4326400D64C24 /* WALA CAst Solidity JNI Bridge */;
		};
/* End PBXFileSystemSynchronizedBuildFileExceptionSet section */

/* Begin PBXFileSystemSynchronizedRootGroup section */
		B93EB29F2EF2EE2100D64C24 /* WALA CAst Solidity runner */ = {
			isa = PBXFileSystemSynchronizedRootGroup;
			path = "WALA CAst Solidity runner";
			sourceTree = "<group>";
		};
		B93EB2BF2EF4326400D64C24 /* WALA CAst Solidity JNI Bridge */ = {
			isa = PBXFileSystemSynchronizedRootGroup;
			exceptions = (
				B93EB2DA2EF4625600D64C24 /* Exceptions for "WALA CAst Solidity JNI Bridge" folder in "WALA CAst Solidity JNI Bridge" target */,
			);
			path = "WALA CAst Solidity JNI Bridge";
			sourceTree = "<group>";
		};
/* End PBXFileSystemSynchronizedRootGroup section */

/* Begin PBXFrameworksBuildPhase section */
		B93EB29A2EF2EE2100D64C24 /* Frameworks */ = {
			isa = PBXFrameworksBuildPhase;
			buildActionMask = 2147483647;
			files = (
				B93EB2DD2EF4636000D64C24 /* libWALA CAst Solidity JNI Bridge.dylib in Frameworks */,
				B93EB2B92EF3196D00D64C24 /* libboost_filesystem.dylib in Frameworks */,
				B93EB2B72EF3189D00D64C24 /* libsolc.a in Frameworks */,
				B93EB2B52EF3184400D64C24 /* libyul.a in Frameworks */,
				B93EB2B32EF3183100D64C24 /* libsolutil.a in Frameworks */,
				B93EB2AF2EF317E900D64C24 /* libsmtutil.a in Frameworks */,
				B93EB2AD2EF317D800D64C24 /* liblangutil.a in Frameworks */,
				B93EB2AB2EF2FADE00D64C24 /* libevmasm.a in Frameworks */,
				B93EB2A92EF2FA6900D64C24 /* libsolidity.a in Frameworks */,
			);
			runOnlyForDeploymentPostprocessing = 0;
		};
		B93EB2BC2EF4326400D64C24 /* Frameworks */ = {
			isa = PBXFrameworksBuildPhase;
			buildActionMask = 2147483647;
			files = (
				B93EB2D02EF435BA00D64C24 /* libboost_filesystem.dylib in Frameworks */,
				B93EB2CF2EF4359300D64C24 /* libyul.a in Frameworks */,
				B93EB2CE2EF4357700D64C24 /* libsolutil.a in Frameworks */,
				B93EB2CD2EF4356700D64C24 /* libsolidity.a in Frameworks */,
				B93EB2CC2EF4355100D64C24 /* libsolc.a in Frameworks */,
				B93EB2CB2EF4354000D64C24 /* libsmtutil.a in Frameworks */,
				B93EB2CA2EF4352D00D64C24 /* liblangutil.a in Frameworks */,
				B93EB2C92EF4351400D64C24 /* libevmasm.a in Frameworks */,
			);
			runOnlyForDeploymentPostprocessing = 0;
		};
/* End PBXFrameworksBuildPhase section */

/* Begin PBXGroup section */
		B93EB2942EF2EE2100D64C24 = {
			isa = PBXGroup;
			children = (
				B93EB29F2EF2EE2100D64C24 /* WALA CAst Solidity runner */,
				B93EB2BF2EF4326400D64C24 /* WALA CAst Solidity JNI Bridge */,
				B93EB2A72EF2FA6900D64C24 /* Frameworks */,
				B93EB29E2EF2EE2100D64C24 /* Products */,
			);
			sourceTree = "<group>";
		};
		B93EB29E2EF2EE2100D64C24 /* Products */ = {
			isa = PBXGroup;
			children = (
				B93EB29D2EF2EE2100D64C24 /* WALA CAst Solidity */,
				B93EB2BE2EF4326400D64C24 /* libWALA CAst Solidity JNI Bridge.dylib */,
			);
			name = Products;
			sourceTree = "<group>";
		};
		B93EB2A72EF2FA6900D64C24 /* Frameworks */ = {
			isa = PBXGroup;
			children = (
				B93EB2B82EF3196D00D64C24 /* libboost_filesystem.dylib */,
				B93EB2B42EF3184400D64C24 /* libyul.a */,
				B93EB2B22EF3183100D64C24 /* libsolutil.a */,
				B93EB2B02EF317F800D64C24 /* libsolc.a */,
				B93EB2AE2EF317E900D64C24 /* libsmtutil.a */,
				B93EB2AC2EF317D800D64C24 /* liblangutil.a */,
				B93EB2AA2EF2FADE00D64C24 /* libevmasm.a */,
				B93EB2A82EF2FA6900D64C24 /* libsolidity.a */,
			);
			name = Frameworks;
			sourceTree = "<group>";
		};
/* End PBXGroup section */

/* Begin PBXHeadersBuildPhase section */
		B93EB2BA2EF4326400D64C24 /* Headers */ = {
			isa = PBXHeadersBuildPhase;
			buildActionMask = 2147483647;
			files = (
			);
			runOnlyForDeploymentPostprocessing = 0;
		};
/* End PBXHeadersBuildPhase section */

/* Begin PBXNativeTarget section */
		B93EB29C2EF2EE2100D64C24 /* WALA CAst Solidity */ = {
			isa = PBXNativeTarget;
			buildConfigurationList = B93EB2A42EF2EE2100D64C24 /* Build configuration list for PBXNativeTarget "WALA CAst Solidity" */;
			buildPhases = (
				B93EB2992EF2EE2100D64C24 /* Sources */,
				B93EB29A2EF2EE2100D64C24 /* Frameworks */,
				B93EB29B2EF2EE2100D64C24 /* CopyFiles */,
			);
			buildRules = (
			);
			dependencies = (
				B93EB2DF2EF4642500D64C24 /* PBXTargetDependency */,
			);
			fileSystemSynchronizedGroups = (
				B93EB29F2EF2EE2100D64C24 /* WALA CAst Solidity runner */,
			);
			name = "WALA CAst Solidity";
			packageProductDependencies = (
			);
			productName = "WALA CAst Solidity";
			productReference = B93EB29D2EF2EE2100D64C24 /* WALA CAst Solidity */;
			productType = "com.apple.product-type.tool";
		};
		B93EB2BD2EF4326400D64C24 /* WALA CAst Solidity JNI Bridge */ = {
			isa = PBXNativeTarget;
			buildConfigurationList = B93EB2C62EF4326400D64C24 /* Build configuration list for PBXNativeTarget "WALA CAst Solidity JNI Bridge" */;
			buildPhases = (
				B93EB2BA2EF4326400D64C24 /* Headers */,
				B93EB2BB2EF4326400D64C24 /* Sources */,
				B93EB2BC2EF4326400D64C24 /* Frameworks */,
			);
			buildRules = (
			);
			dependencies = (
			);
			fileSystemSynchronizedGroups = (
				B93EB2BF2EF4326400D64C24 /* WALA CAst Solidity JNI Bridge */,
			);
			name = "WALA CAst Solidity JNI Bridge";
			packageProductDependencies = (
			);
			productName = "WALA CAst Solidity JNI Bridge";
			productReference = B93EB2BE2EF4326400D64C24 /* libWALA CAst Solidity JNI Bridge.dylib */;
			productType = "com.apple.product-type.library.dynamic";
		};
/* End PBXNativeTarget section */

/* Begin PBXProject section */
		B93EB2952EF2EE2100D64C24 /* Project object */ = {
			isa = PBXProject;
			attributes = {
				BuildIndependentTargetsInParallel = 1;
				LastUpgradeCheck = 2620;
				TargetAttributes = {
					B93EB29C2EF2EE2100D64C24 = {
						CreatedOnToolsVersion = 26.2;
					};
					B93EB2BD2EF4326400D64C24 = {
						CreatedOnToolsVersion = 26.2;
					};
				};
			};
			buildConfigurationList = B93EB2982EF2EE2100D64C24 /* Build configuration list for PBXProject "WALA CAst Solidity" */;
			developmentRegion = en;
			hasScannedForEncodings = 0;
			knownRegions = (
				en,
				Base,
			);
			mainGroup = B93EB2942EF2EE2100D64C24;
			minimizedProjectReferenceProxies = 1;
			preferredProjectObjectVersion = 77;
			productRefGroup = B93EB29E2EF2EE2100D64C24 /* Products */;
			projectDirPath = "";
			projectRoot = "";
			targets = (
				B93EB29C2EF2EE2100D64C24 /* WALA CAst Solidity */,
				B93EB2BD2EF4326400D64C24 /* WALA CAst Solidity JNI Bridge */,
			);
		};
/* End PBXProject section */

/* Begin PBXSourcesBuildPhase section */
		B93EB2992EF2EE2100D64C24 /* Sources */ = {
			isa = PBXSourcesBuildPhase;
			buildActionMask = 2147483647;
			files = (
			);
			runOnlyForDeploymentPostprocessing = 0;
		};
		B93EB2BB2EF4326400D64C24 /* Sources */ = {
			isa = PBXSourcesBuildPhase;
			buildActionMask = 2147483647;
			files = (
			);
			runOnlyForDeploymentPostprocessing = 0;
		};
/* End PBXSourcesBuildPhase section */

/* Begin PBXTargetDependency section */
		B93EB2DF2EF4642500D64C24 /* PBXTargetDependency */ = {
			isa = PBXTargetDependency;
			target = B93EB2BD2EF4326400D64C24 /* WALA CAst Solidity JNI Bridge */;
			targetProxy = B93EB2DE2EF4642500D64C24 /* PBXContainerItemProxy */;
		};
/* End PBXTargetDependency section */

/* Begin XCBuildConfiguration section */
		B93EB2A22EF2EE2100D64C24 /* Debug */ = {
			isa = XCBuildConfiguration;
			buildSettings = {
				ALWAYS_SEARCH_USER_PATHS = NO;
				ASSETCATALOG_COMPILER_GENERATE_SWIFT_ASSET_SYMBOL_EXTENSIONS = YES;
				CLANG_ANALYZER_NONNULL = YES;
				CLANG_ANALYZER_NUMBER_OBJECT_CONVERSION = YES_AGGRESSIVE;
				CLANG_CXX_LANGUAGE_STANDARD = "gnu++20";
				CLANG_ENABLE_MODULES = YES;
				CLANG_ENABLE_OBJC_ARC = YES;
				CLANG_ENABLE_OBJC_WEAK = YES;
				CLANG_WARN_BLOCK_CAPTURE_AUTORELEASING = YES;
				CLANG_WARN_BOOL_CONVERSION = YES;
				CLANG_WARN_COMMA = YES;
				CLANG_WARN_CONSTANT_CONVERSION = YES;
				CLANG_WARN_DEPRECATED_OBJC_IMPLEMENTATIONS = YES;
				CLANG_WARN_DIRECT_OBJC_ISA_USAGE = YES_ERROR;
				CLANG_WARN_DOCUMENTATION_COMMENTS = YES;
				CLANG_WARN_EMPTY_BODY = YES;
				CLANG_WARN_ENUM_CONVERSION = YES;
				CLANG_WARN_INFINITE_RECURSION = YES;
				CLANG_WARN_INT_CONVERSION = YES;
				CLANG_WARN_NON_LITERAL_NULL_CONVERSION = YES;
				CLANG_WARN_OBJC_IMPLICIT_RETAIN_SELF = YES;
				CLANG_WARN_OBJC_LITERAL_CONVERSION = YES;
				CLANG_WARN_OBJC_ROOT_CLASS = YES_ERROR;
				CLANG_WARN_QUOTED_INCLUDE_IN_FRAMEWORK_HEADER = YES;
				CLANG_WARN_RANGE_LOOP_ANALYSIS = YES;
				CLANG_WARN_STRICT_PROTOTYPES = YES;
				CLANG_WARN_SUSPICIOUS_MOVE = YES;
				CLANG_WARN_UNGUARDED_AVAILABILITY = YES_AGGRESSIVE;
				CLANG_WARN_UNREACHABLE_CODE = YES;
				CLANG_WARN__DUPLICATE_METHOD_MATCH = YES;
				COPY_PHASE_STRIP = NO;
				DEBUG_INFORMATION_FORMAT = dwarf;
				ENABLE_STRICT_OBJC_MSGSEND = YES;
				ENABLE_TESTABILITY = YES;
				ENABLE_USER_SCRIPT_SANDBOXING = YES;
				GCC_C_LANGUAGE_STANDARD = gnu17;
				GCC_DYNAMIC_NO_PIC = NO;
				GCC_NO_COMMON_BLOCKS = YES;
				GCC_OPTIMIZATION_LEVEL = 0;
				GCC_PREPROCESSOR_DEFINITIONS = (
					"DEBUG=1",
					"$(inherited)",
				);
				GCC_WARN_64_TO_32_BIT_CONVERSION = YES;
				GCC_WARN_ABOUT_RETURN_TYPE = YES_ERROR;
				GCC_WARN_UNDECLARED_SELECTOR = YES;
				GCC_WARN_UNINITIALIZED_AUTOS = YES_AGGRESSIVE;
				GCC_WARN_UNUSED_FUNCTION = YES;
				GCC_WARN_UNUSED_VARIABLE = YES;
				LOCALIZATION_PREFERS_STRING_CATALOGS = YES;
				MACOSX_DEPLOYMENT_TARGET = 26.2;
				MTL_ENABLE_DEBUG_INFO = INCLUDE_SOURCE;
				MTL_FAST_MATH = YES;
				ONLY_ACTIVE_ARCH = YES;
				SDKROOT = macosx;
			};
			name = Debug;
		};
		B93EB2A32EF2EE2100D64C24 /* Release */ = {
			isa = XCBuildConfiguration;
			buildSettings = {
				ALWAYS_SEARCH_USER_PATHS = NO;
				ASSETCATALOG_COMPILER_GENERATE_SWIFT_ASSET_SYMBOL_EXTENSIONS = YES;
				CLANG_ANALYZER_NONNULL = YES;
				CLANG_ANALYZER_NUMBER_OBJECT_CONVERSION = YES_AGGRESSIVE;
				CLANG_CXX_LANGUAGE_STANDARD = "gnu++20";
				CLANG_ENABLE_MODULES = YES;
				CLANG_ENABLE_OBJC_ARC = YES;
				CLANG_ENABLE_OBJC_WEAK = YES;
				CLANG_WARN_BLOCK_CAPTURE_AUTORELEASING = YES;
				CLANG_WARN_BOOL_CONVERSION = YES;
				CLANG_WARN_COMMA = YES;
				CLANG_WARN_CONSTANT_CONVERSION = YES;
				CLANG_WARN_DEPRECATED_OBJC_IMPLEMENTATIONS = YES;
				CLANG_WARN_DIRECT_OBJC_ISA_USAGE = YES_ERROR;
				CLANG_WARN_DOCUMENTATION_COMMENTS = YES;
				CLANG_WARN_EMPTY_BODY = YES;
				CLANG_WARN_ENUM_CONVERSION = YES;
				CLANG_WARN_INFINITE_RECURSION = YES;
				CLANG_WARN_INT_CONVERSION = YES;
				CLANG_WARN_NON_LITERAL_NULL_CONVERSION = YES;
				CLANG_WARN_OBJC_IMPLICIT_RETAIN_SELF = YES;
				CLANG_WARN_OBJC_LITERAL_CONVERSION = YES;
				CLANG_WARN_OBJC_ROOT_CLASS = YES_ERROR;
				CLANG_WARN_QUOTED_INCLUDE_IN_FRAMEWORK_HEADER = YES;
				CLANG_WARN_RANGE_LOOP_ANALYSIS = YES;
				CLANG_WARN_STRICT_PROTOTYPES = YES;
				CLANG_WARN_SUSPICIOUS_MOVE = YES;
				CLANG_WARN_UNGUARDED_AVAILABILITY = YES_AGGRESSIVE;
				CLANG_WARN_UNREACHABLE_CODE = YES;
				CLANG_WARN__DUPLICATE_METHOD_MATCH = YES;
				COPY_PHASE_STRIP = NO;
				DEBUG_INFORMATION_FORMAT = "dwarf-with-dsym";
				ENABLE_NS_ASSERTIONS = NO;
				ENABLE_STRICT_OBJC_MSGSEND = YES;
				ENABLE_USER_SCRIPT_SANDBOXING = YES;
				GCC_C_LANGUAGE_STANDARD = gnu17;
				GCC_NO_COMMON_BLOCKS = YES;
				GCC_WARN_64_TO_32_BIT_CONVERSION = YES;
				GCC_WARN_ABOUT_RETURN_TYPE = YES_ERROR;
				GCC_WARN_UNDECLARED_SELECTOR = YES;
				GCC_WARN_UNINITIALIZED_AUTOS = YES_AGGRESSIVE;
				GCC_WARN_UNUSED_FUNCTION = YES;
				GCC_WARN_UNUSED_VARIABLE = YES;
				LOCALIZATION_PREFERS_STRING_CATALOGS = YES;
				MACOSX_DEPLOYMENT_TARGET = 26.2;
				MTL_ENABLE_DEBUG_INFO = NO;
				MTL_FAST_MATH = YES;
				SDKROOT = macosx;
			};
			name = Release;
		};
		B93EB2A52EF2EE2100D64C24 /* Debug */ = {
			isa = XCBuildConfiguration;
			buildSettings = {
				"ADDITIONAL_SDKS[arch=*]" = "";
				CODE_SIGN_STYLE = Automatic;
				"HEADER_SEARCH_PATHS[arch=*]" = (
					/Users/julian/git/WALA/cast/cast/src/main/public,
					/Users/julian/git/solidity,
					/opt/homebrew/include,
					"/Users/julian/git/solidity/deps/range-v3/include",
					"/Users/julian/git/solidity/deps/nlohmann-json/include",
					"/Library/Java/JavaVirtualMachines/microsoft-21.jdk/Contents/Home/include",
					"/Library/Java/JavaVirtualMachines/microsoft-21.jdk/Contents/Home/include/darwin",
				);
				LIBRARY_SEARCH_PATHS = (
					/Users/julian/git/solidity/build/libyul,
					/Users/julian/git/solidity/build/libevmasm,
					/Users/julian/git/solidity/build/libsolidity,
					/Users/julian/git/solidity/build/libsolc,
					/Users/julian/git/solidity/build/liblangutil,
					/Users/julian/git/solidity/build/libsolutil,
					/Users/julian/git/solidity/build/libsmtutil,
					/opt/homebrew/Cellar/boost/1.90.0/lib,
				);
				PRODUCT_NAME = "$(TARGET_NAME)";
				"SYSTEM_HEADER_SEARCH_PATHS[arch=*]" = "/Library/Java/JavaVirtualMachines/microsoft-21.jdk/Contents/Home/include/darwin";
			};
			name = Debug;
		};
		B93EB2A62EF2EE2100D64C24 /* Release */ = {
			isa = XCBuildConfiguration;
			buildSettings = {
				CODE_SIGN_STYLE = Automatic;
				LIBRARY_SEARCH_PATHS = (
					/Users/julian/git/solidity/build/libyul,
					/Users/julian/git/solidity/build/libevmasm,
					/Users/julian/git/solidity/build/libsolidity,
					/Users/julian/git/solidity/build/libsolc,
					/Users/julian/git/solidity/build/liblangutil,
					/Users/julian/git/solidity/build/libsolutil,
					/Users/julian/git/solidity/build/libsmtutil,
					/opt/homebrew/Cellar/boost/1.90.0/lib,
				);
				PRODUCT_NAME = "$(TARGET_NAME)";
			};
			name = Release;
		};
		B93EB2C72EF4326400D64C24 /* Debug */ = {
			isa = XCBuildConfiguration;
			buildSettings = {
				CODE_SIGN_STYLE = Automatic;
				DYLIB_COMPATIBILITY_VERSION = 1;
				DYLIB_CURRENT_VERSION = 1;
				EXECUTABLE_PREFIX = lib;
				GCC_ENABLE_CPP_EXCEPTIONS = YES;
				GCC_ENABLE_CPP_RTTI = YES;
				GCC_SYMBOLS_PRIVATE_EXTERN = YES;
				"HEADER_SEARCH_PATHS[arch=*]" = (
					"/Library/Java/JavaVirtualMachines/microsoft-21.jdk/Contents/Home/include",
					/Users/julian/git/solidity,
					/opt/homebrew/include,
					"/Users/julian/git/solidity/deps/range-v3/include",
					"/Users/julian/git/solidity/deps/nlohmann-json/include",
				);
				LIBRARY_SEARCH_PATHS = (
					/Users/julian/git/solidity/build/libevmasm,
					/Users/julian/git/solidity/build/liblsolc,
					/Users/julian/git/solidity/build/libyul,
					/Users/julian/git/solidity/build/libsolidity,
					/Users/julian/git/solidity/build/liblangutil,
					/Users/julian/git/solidity/build/libsmtutil,
					/Users/julian/git/solidity/build/libsolutil,
					/opt/homebrew/Cellar/boost/1.90.0/lib,
					"$(PROJECT_DIR)/WALA\\ CAst\\ Solidity\\ JNI\\ Bridge",
					"$(PROJECT_DIR)/WALA\\ CAst\\ Solidity\\ JNI\\ Bridge",
					"$(PROJECT_DIR)/WALA\\ CAst\\ Solidity\\ JNI\\ Bridge",
					"$(PROJECT_DIR)/WALA\\ CAst\\ Solidity\\ JNI\\ Bridge",
					"$(PROJECT_DIR)/WALA\\ CAst\\ Solidity\\ JNI\\ Bridge",
					"$(PROJECT_DIR)/WALA\\ CAst\\ Solidity\\ JNI\\ Bridge",
					"$(PROJECT_DIR)/WALA\\ CAst\\ Solidity\\ JNI\\ Bridge",
					"$(PROJECT_DIR)/WALA\\ CAst\\ Solidity\\ JNI\\ Bridge",
					"$(PROJECT_DIR)/WALA\\ CAst\\ Solidity\\ JNI\\ Bridge",
					"$(PROJECT_DIR)/WALA\\ CAst\\ Solidity\\ JNI\\ Bridge",
					"$(PROJECT_DIR)/WALA\\ CAst\\ Solidity\\ JNI\\ Bridge",
					"$(PROJECT_DIR)/WALA\\ CAst\\ Solidity\\ JNI\\ Bridge",
					"$(PROJECT_DIR)/WALA\\ CAst\\ Solidity\\ JNI\\ Bridge",
					"$(PROJECT_DIR)/WALA\\ CAst\\ Solidity\\ JNI\\ Bridge",
					"$(PROJECT_DIR)/WALA\\ CAst\\ Solidity\\ JNI\\ Bridge",
					"$(PROJECT_DIR)/WALA\\ CAst\\ Solidity\\ JNI\\ Bridge",
					"$(PROJECT_DIR)/WALA\\ CAst\\ Solidity\\ JNI\\ Bridge",
					"$(PROJECT_DIR)/WALA\\ CAst\\ Solidity\\ JNI\\ Bridge",
					"$(PROJECT_DIR)/WALA\\ CAst\\ Solidity\\ JNI\\ Bridge",
					"$(PROJECT_DIR)/WALA\\ CAst\\ Solidity\\ JNI\\ Bridge",
					"$(PROJECT_DIR)/WALA\\ CAst\\ Solidity\\ JNI\\ Bridge",
					"$(PROJECT_DIR)/WALA\\ CAst\\ Solidity\\ JNI\\ Bridge",
					"$(PROJECT_DIR)/WALA\\ CAst\\ Solidity\\ JNI\\ Bridge",
					"$(PROJECT_DIR)/WALA\\ CAst\\ Solidity\\ JNI\\ Bridge",
					"$(PROJECT_DIR)/WALA\\ CAst\\ Solidity\\ JNI\\ Bridge",
				);
				"LIBRARY_SEARCH_PATHS[arch=*]" = (
					LIBRARY_SEARCH_PATHS,
					"=",
					/Users/julian/git/solidity/build/libyul,
					/Users/julian/git/solidity/build/libevmasm,
					/Users/julian/git/solidity/build/libsolidity,
					/Users/julian/git/solidity/build/libsolc,
					/Users/julian/git/solidity/build/liblangutil,
					/Users/julian/git/solidity/build/libsolutil,
					/Users/julian/git/solidity/build/libsmtutil,
					"/opt/homebrew/Cellar/boost/1.90.0/lib\n",
				);
				PRODUCT_NAME = "$(TARGET_NAME)";
				SKIP_INSTALL = YES;
			};
			name = Debug;
		};
		B93EB2C82EF4326400D64C24 /* Release */ = {
			isa = XCBuildConfiguration;
			buildSettings = {
				CODE_SIGN_STYLE = Automatic;
				DYLIB_COMPATIBILITY_VERSION = 1;
				DYLIB_CURRENT_VERSION = 1;
				EXECUTABLE_PREFIX = lib;
				GCC_ENABLE_CPP_EXCEPTIONS = YES;
				GCC_ENABLE_CPP_RTTI = YES;
				GCC_SYMBOLS_PRIVATE_EXTERN = YES;
				LIBRARY_SEARCH_PATHS = (
					/Users/julian/git/solidity/build/libevmasm,
					/opt/homebrew/Cellar/boost/1.90.0/lib,
					"$(PROJECT_DIR)/WALA\\ CAst\\ Solidity\\ JNI\\ Bridge",
					"$(PROJECT_DIR)/WALA\\ CAst\\ Solidity\\ JNI\\ Bridge",
					"$(PROJECT_DIR)/WALA\\ CAst\\ Solidity\\ JNI\\ Bridge",
					"$(PROJECT_DIR)/WALA\\ CAst\\ Solidity\\ JNI\\ Bridge",
					"$(PROJECT_DIR)/WALA\\ CAst\\ Solidity\\ JNI\\ Bridge",
					"$(PROJECT_DIR)/WALA\\ CAst\\ Solidity\\ JNI\\ Bridge",
					"$(PROJECT_DIR)/WALA\\ CAst\\ Solidity\\ JNI\\ Bridge",
					"$(PROJECT_DIR)/WALA\\ CAst\\ Solidity\\ JNI\\ Bridge",
					"$(PROJECT_DIR)/WALA\\ CAst\\ Solidity\\ JNI\\ Bridge",
					"$(PROJECT_DIR)/WALA\\ CAst\\ Solidity\\ JNI\\ Bridge",
					"$(PROJECT_DIR)/WALA\\ CAst\\ Solidity\\ JNI\\ Bridge",
					"$(PROJECT_DIR)/WALA\\ CAst\\ Solidity\\ JNI\\ Bridge",
					"$(PROJECT_DIR)/WALA\\ CAst\\ Solidity\\ JNI\\ Bridge",
					"$(PROJECT_DIR)/WALA\\ CAst\\ Solidity\\ JNI\\ Bridge",
					"$(PROJECT_DIR)/WALA\\ CAst\\ Solidity\\ JNI\\ Bridge",
					"$(PROJECT_DIR)/WALA\\ CAst\\ Solidity\\ JNI\\ Bridge",
					"$(PROJECT_DIR)/WALA\\ CAst\\ Solidity\\ JNI\\ Bridge",
					"$(PROJECT_DIR)/WALA\\ CAst\\ Solidity\\ JNI\\ Bridge",
					"$(PROJECT_DIR)/WALA\\ CAst\\ Solidity\\ JNI\\ Bridge",
					"$(PROJECT_DIR)/WALA\\ CAst\\ Solidity\\ JNI\\ Bridge",
					"$(PROJECT_DIR)/WALA\\ CAst\\ Solidity\\ JNI\\ Bridge",
					"$(PROJECT_DIR)/WALA\\ CAst\\ Solidity\\ JNI\\ Bridge",
					"$(PROJECT_DIR)/WALA\\ CAst\\ Solidity\\ JNI\\ Bridge",
					"$(PROJECT_DIR)/WALA\\ CAst\\ Solidity\\ JNI\\ Bridge",
					"$(PROJECT_DIR)/WALA\\ CAst\\ Solidity\\ JNI\\ Bridge",
				);
				PRODUCT_NAME = "$(TARGET_NAME)";
				SKIP_INSTALL = YES;
			};
			name = Release;
		};
/* End XCBuildConfiguration section */

/* Begin XCConfigurationList section */
		B93EB2982EF2EE2100D64C24 /* Build configuration list for PBXProject "WALA CAst Solidity" */ = {
			isa = XCConfigurationList;
			buildConfigurations = (
				B93EB2A22EF2EE2100D64C24 /* Debug */,
				B93EB2A32EF2EE2100D64C24 /* Release */,
			);
			defaultConfigurationIsVisible = 0;
			defaultConfigurationName = Release;
		};
		B93EB2A42EF2EE2100D64C24 /* Build configuration list for PBXNativeTarget "WALA CAst Solidity" */ = {
			isa = XCConfigurationList;
			buildConfigurations = (
				B93EB2A52EF2EE2100D64C24 /* Debug */,
				B93EB2A62EF2EE2100D64C24 /* Release */,
			);
			defaultConfigurationIsVisible = 0;
			defaultConfigurationName = Release;
		};
		B93EB2C62EF4326400D64C24 /* Build configuration list for PBXNativeTarget "WALA CAst Solidity JNI Bridge" */ = {
			isa = XCConfigurationList;
			buildConfigurations = (
				B93EB2C72EF4326400D64C24 /* Debug */,
				B93EB2C82EF4326400D64C24 /* Release */,
			);
			defaultConfigurationIsVisible = 0;
			defaultConfigurationName = Release;
		};
/* End XCConfigurationList section */
	};
	rootObject = B93EB2952EF2EE2100D64C24 /* Project object */;
}
